// !$*UTF8*$!
{
	archiveVersion = 1;
	classes = {
	};
	objectVersion = 50;
	objects = {

/* Begin PBXBuildFile section */
		88064975898C3BB603E7C051 /* Pods_GuardianAngelAppUITests.framework in Frameworks */ = {isa = PBXBuildFile; fileRef = 82850D88AFFEA4C3EC7228DA /* Pods_GuardianAngelAppUITests.framework */; };
		E702BC8A2193BB5E002A7BF8 /* TemperatureAdjustViewController.swift in Sources */ = {isa = PBXBuildFile; fileRef = E702BC892193BB5E002A7BF8 /* TemperatureAdjustViewController.swift */; };
		E70AB614227DDF57003F71BF /* Utilities.swift in Sources */ = {isa = PBXBuildFile; fileRef = E70AB613227DDF57003F71BF /* Utilities.swift */; };
		E70B92552176E34E00B4AE8B /* AppDelegate.swift in Sources */ = {isa = PBXBuildFile; fileRef = E70B92542176E34E00B4AE8B /* AppDelegate.swift */; };
		E70B925A2176E34E00B4AE8B /* Main.storyboard in Resources */ = {isa = PBXBuildFile; fileRef = E70B92582176E34E00B4AE8B /* Main.storyboard */; };
		E70B925D2176E34E00B4AE8B /* GuardianAngelApp.xcdatamodeld in Sources */ = {isa = PBXBuildFile; fileRef = E70B925B2176E34E00B4AE8B /* GuardianAngelApp.xcdatamodeld */; };
		E70B925F2176E34F00B4AE8B /* Assets.xcassets in Resources */ = {isa = PBXBuildFile; fileRef = E70B925E2176E34F00B4AE8B /* Assets.xcassets */; };
		E70B92622176E34F00B4AE8B /* LaunchScreen.storyboard in Resources */ = {isa = PBXBuildFile; fileRef = E70B92602176E34F00B4AE8B /* LaunchScreen.storyboard */; };
		E70B92782176E34F00B4AE8B /* GuardianAngelAppUITests.swift in Sources */ = {isa = PBXBuildFile; fileRef = E70B92772176E34F00B4AE8B /* GuardianAngelAppUITests.swift */; };
		E72EACE522CD905D007246C1 /* GPSViewController.swift in Sources */ = {isa = PBXBuildFile; fileRef = E72EACE422CD905D007246C1 /* GPSViewController.swift */; };
		E753D888217BE79A00A0A627 /* NotificationExtension.swift in Sources */ = {isa = PBXBuildFile; fileRef = E753D887217BE79A00A0A627 /* NotificationExtension.swift */; };
		E753D88A217BED1800A0A627 /* BluetoothExtension.swift in Sources */ = {isa = PBXBuildFile; fileRef = E753D889217BED1800A0A627 /* BluetoothExtension.swift */; };
		E753D88E217BF22300A0A627 /* SettingsViewController.swift in Sources */ = {isa = PBXBuildFile; fileRef = E753D88D217BF22300A0A627 /* SettingsViewController.swift */; };
		E753D891217BF6A600A0A627 /* DeviceViewController.swift in Sources */ = {isa = PBXBuildFile; fileRef = E753D890217BF6A600A0A627 /* DeviceViewController.swift */; };
		E753D895217C0B5F00A0A627 /* ImageExtension.swift in Sources */ = {isa = PBXBuildFile; fileRef = E753D894217C0B5F00A0A627 /* ImageExtension.swift */; };
		E77AF28E2198B48700E7BC6C /* LocationExtension.swift in Sources */ = {isa = PBXBuildFile; fileRef = E77AF28D2198B48700E7BC6C /* LocationExtension.swift */; };
		E7801713217A839B00108D31 /* ColorExtension.swift in Sources */ = {isa = PBXBuildFile; fileRef = E7801712217A839B00108D31 /* ColorExtension.swift */; };
		E7C22EF7218417360071FE8E /* SnapshotHelper.swift in Sources */ = {isa = PBXBuildFile; fileRef = E7C22EF6218417350071FE8E /* SnapshotHelper.swift */; };
		F26A6A15643B40D47EFA5644 /* Pods_GuardianAngelApp.framework in Frameworks */ = {isa = PBXBuildFile; fileRef = 18ABF8BB08EF8347FEEC3293 /* Pods_GuardianAngelApp.framework */; };
/* End PBXBuildFile section */

/* Begin PBXContainerItemProxy section */
		E70B92742176E34F00B4AE8B /* PBXContainerItemProxy */ = {
			isa = PBXContainerItemProxy;
			containerPortal = E70B92492176E34E00B4AE8B /* Project object */;
			proxyType = 1;
			remoteGlobalIDString = E70B92502176E34E00B4AE8B;
			remoteInfo = GuardianAngelApp;
		};
/* End PBXContainerItemProxy section */

/* Begin PBXFileReference section */
		18ABF8BB08EF8347FEEC3293 /* Pods_GuardianAngelApp.framework */ = {isa = PBXFileReference; explicitFileType = wrapper.framework; includeInIndex = 0; path = Pods_GuardianAngelApp.framework; sourceTree = BUILT_PRODUCTS_DIR; };
		44CD3DA5B0A0BE9F42E7032A /* Pods-GuardianAngelApp.release.xcconfig */ = {isa = PBXFileReference; includeInIndex = 1; lastKnownFileType = text.xcconfig; name = "Pods-GuardianAngelApp.release.xcconfig"; path = "Pods/Target Support Files/Pods-GuardianAngelApp/Pods-GuardianAngelApp.release.xcconfig"; sourceTree = "<group>"; };
		5031335C65594623644A20FC /* Pods-GuardianAngelAppUITests.release.xcconfig */ = {isa = PBXFileReference; includeInIndex = 1; lastKnownFileType = text.xcconfig; name = "Pods-GuardianAngelAppUITests.release.xcconfig"; path = "Pods/Target Support Files/Pods-GuardianAngelAppUITests/Pods-GuardianAngelAppUITests.release.xcconfig"; sourceTree = "<group>"; };
		82850D88AFFEA4C3EC7228DA /* Pods_GuardianAngelAppUITests.framework */ = {isa = PBXFileReference; explicitFileType = wrapper.framework; includeInIndex = 0; path = Pods_GuardianAngelAppUITests.framework; sourceTree = BUILT_PRODUCTS_DIR; };
		D752ED4A0CED40F1FC2BEA7F /* Pods-GuardianAngelApp.debug.xcconfig */ = {isa = PBXFileReference; includeInIndex = 1; lastKnownFileType = text.xcconfig; name = "Pods-GuardianAngelApp.debug.xcconfig"; path = "Pods/Target Support Files/Pods-GuardianAngelApp/Pods-GuardianAngelApp.debug.xcconfig"; sourceTree = "<group>"; };
		E702BC892193BB5E002A7BF8 /* TemperatureAdjustViewController.swift */ = {isa = PBXFileReference; lastKnownFileType = sourcecode.swift; path = TemperatureAdjustViewController.swift; sourceTree = "<group>"; };
		E70AB613227DDF57003F71BF /* Utilities.swift */ = {isa = PBXFileReference; lastKnownFileType = sourcecode.swift; path = Utilities.swift; sourceTree = "<group>"; };
		E70B92512176E34E00B4AE8B /* Guardian Angel.app */ = {isa = PBXFileReference; explicitFileType = wrapper.application; includeInIndex = 0; path = "Guardian Angel.app"; sourceTree = BUILT_PRODUCTS_DIR; };
		E70B92542176E34E00B4AE8B /* AppDelegate.swift */ = {isa = PBXFileReference; lastKnownFileType = sourcecode.swift; path = AppDelegate.swift; sourceTree = "<group>"; };
		E70B92592176E34E00B4AE8B /* Base */ = {isa = PBXFileReference; lastKnownFileType = file.storyboard; name = Base; path = Base.lproj/Main.storyboard; sourceTree = "<group>"; };
		E70B925C2176E34E00B4AE8B /* GuardianAngelApp.xcdatamodel */ = {isa = PBXFileReference; lastKnownFileType = wrapper.xcdatamodel; path = GuardianAngelApp.xcdatamodel; sourceTree = "<group>"; };
		E70B925E2176E34F00B4AE8B /* Assets.xcassets */ = {isa = PBXFileReference; lastKnownFileType = folder.assetcatalog; path = Assets.xcassets; sourceTree = "<group>"; };
		E70B92612176E34F00B4AE8B /* Base */ = {isa = PBXFileReference; lastKnownFileType = file.storyboard; name = Base; path = Base.lproj/LaunchScreen.storyboard; sourceTree = "<group>"; };
		E70B92632176E34F00B4AE8B /* Info.plist */ = {isa = PBXFileReference; lastKnownFileType = text.plist.xml; path = Info.plist; sourceTree = "<group>"; };
		E70B926E2176E34F00B4AE8B /* Info.plist */ = {isa = PBXFileReference; lastKnownFileType = text.plist.xml; path = Info.plist; sourceTree = "<group>"; };
		E70B92732176E34F00B4AE8B /* GuardianAngelAppUITests.xctest */ = {isa = PBXFileReference; explicitFileType = wrapper.cfbundle; includeInIndex = 0; path = GuardianAngelAppUITests.xctest; sourceTree = BUILT_PRODUCTS_DIR; };
		E70B92772176E34F00B4AE8B /* GuardianAngelAppUITests.swift */ = {isa = PBXFileReference; lastKnownFileType = sourcecode.swift; path = GuardianAngelAppUITests.swift; sourceTree = "<group>"; };
		E70B92792176E35000B4AE8B /* Info.plist */ = {isa = PBXFileReference; lastKnownFileType = text.plist.xml; path = Info.plist; sourceTree = "<group>"; };
		E72EACE422CD905D007246C1 /* GPSViewController.swift */ = {isa = PBXFileReference; lastKnownFileType = sourcecode.swift; path = GPSViewController.swift; sourceTree = "<group>"; };
		E753D887217BE79A00A0A627 /* NotificationExtension.swift */ = {isa = PBXFileReference; lastKnownFileType = sourcecode.swift; path = NotificationExtension.swift; sourceTree = "<group>"; };
		E753D889217BED1800A0A627 /* BluetoothExtension.swift */ = {isa = PBXFileReference; lastKnownFileType = sourcecode.swift; path = BluetoothExtension.swift; sourceTree = "<group>"; };
		E753D88D217BF22300A0A627 /* SettingsViewController.swift */ = {isa = PBXFileReference; fileEncoding = 4; lastKnownFileType = sourcecode.swift; path = SettingsViewController.swift; sourceTree = "<group>"; };
		E753D890217BF6A600A0A627 /* DeviceViewController.swift */ = {isa = PBXFileReference; fileEncoding = 4; lastKnownFileType = sourcecode.swift; path = DeviceViewController.swift; sourceTree = "<group>"; };
		E753D894217C0B5F00A0A627 /* ImageExtension.swift */ = {isa = PBXFileReference; lastKnownFileType = sourcecode.swift; path = ImageExtension.swift; sourceTree = "<group>"; };
		E753D898217CEE4500A0A627 /* GuardianAngelApp.entitlements */ = {isa = PBXFileReference; lastKnownFileType = text.plist.entitlements; path = GuardianAngelApp.entitlements; sourceTree = "<group>"; };
		E77AF28D2198B48700E7BC6C /* LocationExtension.swift */ = {isa = PBXFileReference; lastKnownFileType = sourcecode.swift; path = LocationExtension.swift; sourceTree = "<group>"; };
		E7801712217A839B00108D31 /* ColorExtension.swift */ = {isa = PBXFileReference; fileEncoding = 4; lastKnownFileType = sourcecode.swift; path = ColorExtension.swift; sourceTree = "<group>"; };
		E7C22EF6218417350071FE8E /* SnapshotHelper.swift */ = {isa = PBXFileReference; fileEncoding = 4; lastKnownFileType = sourcecode.swift; name = SnapshotHelper.swift; path = fastlane/SnapshotHelper.swift; sourceTree = SOURCE_ROOT; };
		F639254028761EFA81E9CD15 /* Pods-GuardianAngelAppUITests.debug.xcconfig */ = {isa = PBXFileReference; includeInIndex = 1; lastKnownFileType = text.xcconfig; name = "Pods-GuardianAngelAppUITests.debug.xcconfig"; path = "Pods/Target Support Files/Pods-GuardianAngelAppUITests/Pods-GuardianAngelAppUITests.debug.xcconfig"; sourceTree = "<group>"; };
/* End PBXFileReference section */

/* Begin PBXFrameworksBuildPhase section */
		E70B924E2176E34E00B4AE8B /* Frameworks */ = {
			isa = PBXFrameworksBuildPhase;
			buildActionMask = 2147483647;
			files = (
				F26A6A15643B40D47EFA5644 /* Pods_GuardianAngelApp.framework in Frameworks */,
			);
			runOnlyForDeploymentPostprocessing = 0;
		};
		E70B92702176E34F00B4AE8B /* Frameworks */ = {
			isa = PBXFrameworksBuildPhase;
			buildActionMask = 2147483647;
			files = (
				88064975898C3BB603E7C051 /* Pods_GuardianAngelAppUITests.framework in Frameworks */,
			);
			runOnlyForDeploymentPostprocessing = 0;
		};
/* End PBXFrameworksBuildPhase section */

/* Begin PBXGroup section */
		5E67CFC41C25FDE544ED684A /* Pods */ = {
			isa = PBXGroup;
			children = (
				D752ED4A0CED40F1FC2BEA7F /* Pods-GuardianAngelApp.debug.xcconfig */,
				44CD3DA5B0A0BE9F42E7032A /* Pods-GuardianAngelApp.release.xcconfig */,
				F639254028761EFA81E9CD15 /* Pods-GuardianAngelAppUITests.debug.xcconfig */,
				5031335C65594623644A20FC /* Pods-GuardianAngelAppUITests.release.xcconfig */,
			);
			name = Pods;
			sourceTree = "<group>";
		};
		DF13FB087EF76E4F3D7A7D3E /* Frameworks */ = {
			isa = PBXGroup;
			children = (
				18ABF8BB08EF8347FEEC3293 /* Pods_GuardianAngelApp.framework */,
				82850D88AFFEA4C3EC7228DA /* Pods_GuardianAngelAppUITests.framework */,
			);
			name = Frameworks;
			sourceTree = "<group>";
		};
		E70B92482176E34E00B4AE8B = {
			isa = PBXGroup;
			children = (
				E70B92532176E34E00B4AE8B /* GuardianAngelApp */,
				E70B926B2176E34F00B4AE8B /* GuardianAngelAppTests */,
				E70B92762176E34F00B4AE8B /* GuardianAngelAppUITests */,
				E70B92522176E34E00B4AE8B /* Products */,
				5E67CFC41C25FDE544ED684A /* Pods */,
				DF13FB087EF76E4F3D7A7D3E /* Frameworks */,
			);
			sourceTree = "<group>";
		};
		E70B92522176E34E00B4AE8B /* Products */ = {
			isa = PBXGroup;
			children = (
				E70B92512176E34E00B4AE8B /* Guardian Angel.app */,
				E70B92732176E34F00B4AE8B /* GuardianAngelAppUITests.xctest */,
			);
			name = Products;
			sourceTree = "<group>";
		};
		E70B92532176E34E00B4AE8B /* GuardianAngelApp */ = {
			isa = PBXGroup;
			children = (
				E753D898217CEE4500A0A627 /* GuardianAngelApp.entitlements */,
				E70AB613227DDF57003F71BF /* Utilities.swift */,
				E70B92542176E34E00B4AE8B /* AppDelegate.swift */,
				E746F7C72291B11F0044CDD6 /* UI */,
				E753D88F217BF23600A0A627 /* Extensions */,
				E70B92582176E34E00B4AE8B /* Main.storyboard */,
				E70B925E2176E34F00B4AE8B /* Assets.xcassets */,
				E70B92632176E34F00B4AE8B /* Info.plist */,
				E70B92602176E34F00B4AE8B /* LaunchScreen.storyboard */,
				E70B925B2176E34E00B4AE8B /* GuardianAngelApp.xcdatamodeld */,
			);
			path = GuardianAngelApp;
			sourceTree = "<group>";
		};
		E70B926B2176E34F00B4AE8B /* GuardianAngelAppTests */ = {
			isa = PBXGroup;
			children = (
				E70B926E2176E34F00B4AE8B /* Info.plist */,
			);
			path = GuardianAngelAppTests;
			sourceTree = "<group>";
		};
		E70B92762176E34F00B4AE8B /* GuardianAngelAppUITests */ = {
			isa = PBXGroup;
			children = (
				E7C22EF6218417350071FE8E /* SnapshotHelper.swift */,
				E70B92772176E34F00B4AE8B /* GuardianAngelAppUITests.swift */,
				E70B92792176E35000B4AE8B /* Info.plist */,
			);
			path = GuardianAngelAppUITests;
			sourceTree = "<group>";
		};
		E746F7C72291B11F0044CDD6 /* UI */ = {
			isa = PBXGroup;
			children = (
				E753D890217BF6A600A0A627 /* DeviceViewController.swift */,
				E72EACE422CD905D007246C1 /* GPSViewController.swift */,
				E753D88D217BF22300A0A627 /* SettingsViewController.swift */,
				E702BC892193BB5E002A7BF8 /* TemperatureAdjustViewController.swift */,
			);
			path = UI;
			sourceTree = "<group>";
		};
		E753D88F217BF23600A0A627 /* Extensions */ = {
			isa = PBXGroup;
			children = (
				E753D889217BED1800A0A627 /* BluetoothExtension.swift */,
				E77AF28D2198B48700E7BC6C /* LocationExtension.swift */,
				E753D887217BE79A00A0A627 /* NotificationExtension.swift */,
				E7801712217A839B00108D31 /* ColorExtension.swift */,
				E753D894217C0B5F00A0A627 /* ImageExtension.swift */,
			);
			path = Extensions;
			sourceTree = "<group>";
		};
/* End PBXGroup section */

/* Begin PBXNativeTarget section */
		E70B92502176E34E00B4AE8B /* GuardianAngelApp */ = {
			isa = PBXNativeTarget;
			buildConfigurationList = E70B927C2176E35000B4AE8B /* Build configuration list for PBXNativeTarget "GuardianAngelApp" */;
			buildPhases = (
				4C0A8117E4A27DC3F0133F3D /* [CP] Check Pods Manifest.lock */,
				E70B924D2176E34E00B4AE8B /* Sources */,
				E70B924E2176E34E00B4AE8B /* Frameworks */,
				E70B924F2176E34E00B4AE8B /* Resources */,
				44667C2C874C210FE6B20B66 /* [CP] Embed Pods Frameworks */,
				73633181F9890705FF5758BC /* [CP] Copy Pods Resources */,
			);
			buildRules = (
			);
			dependencies = (
			);
			name = GuardianAngelApp;
			productName = GuardianAngelApp;
			productReference = E70B92512176E34E00B4AE8B /* Guardian Angel.app */;
			productType = "com.apple.product-type.application";
		};
		E70B92722176E34F00B4AE8B /* GuardianAngelAppUITests */ = {
			isa = PBXNativeTarget;
			buildConfigurationList = E70B92822176E35000B4AE8B /* Build configuration list for PBXNativeTarget "GuardianAngelAppUITests" */;
			buildPhases = (
				D57F1570D2994965CCFDE505 /* [CP] Check Pods Manifest.lock */,
				E70B926F2176E34F00B4AE8B /* Sources */,
				E70B92702176E34F00B4AE8B /* Frameworks */,
				E70B92712176E34F00B4AE8B /* Resources */,
				B45C7AEC02A28C1909B35A84 /* [CP] Embed Pods Frameworks */,
				C2173D253769C80643050F02 /* [CP] Copy Pods Resources */,
			);
			buildRules = (
			);
			dependencies = (
				E70B92752176E34F00B4AE8B /* PBXTargetDependency */,
			);
			name = GuardianAngelAppUITests;
			productName = GuardianAngelAppUITests;
			productReference = E70B92732176E34F00B4AE8B /* GuardianAngelAppUITests.xctest */;
			productType = "com.apple.product-type.bundle.ui-testing";
		};
/* End PBXNativeTarget section */

/* Begin PBXProject section */
		E70B92492176E34E00B4AE8B /* Project object */ = {
			isa = PBXProject;
			attributes = {
				LastSwiftUpdateCheck = 1000;
				LastUpgradeCheck = 1000;
				ORGANIZATIONNAME = "Guardian Angel";
				TargetAttributes = {
					E70B92502176E34E00B4AE8B = {
						CreatedOnToolsVersion = 10.0;
						LastSwiftMigration = 1020;
						SystemCapabilities = {
							com.apple.BackgroundModes = {
								enabled = 1;
							};
							com.apple.Push = {
								enabled = 1;
							};
						};
					};
					E70B92722176E34F00B4AE8B = {
						CreatedOnToolsVersion = 10.0;
						LastSwiftMigration = 1020;
						TestTargetID = E70B92502176E34E00B4AE8B;
					};
				};
			};
			buildConfigurationList = E70B924C2176E34E00B4AE8B /* Build configuration list for PBXProject "GuardianAngelApp" */;
			compatibilityVersion = "Xcode 9.3";
			developmentRegion = en;
			hasScannedForEncodings = 0;
			knownRegions = (
				en,
				Base,
			);
			mainGroup = E70B92482176E34E00B4AE8B;
			productRefGroup = E70B92522176E34E00B4AE8B /* Products */;
			projectDirPath = "";
			projectRoot = "";
			targets = (
				E70B92502176E34E00B4AE8B /* GuardianAngelApp */,
				E70B92722176E34F00B4AE8B /* GuardianAngelAppUITests */,
			);
		};
/* End PBXProject section */

/* Begin PBXResourcesBuildPhase section */
		E70B924F2176E34E00B4AE8B /* Resources */ = {
			isa = PBXResourcesBuildPhase;
			buildActionMask = 2147483647;
			files = (
				E70B92622176E34F00B4AE8B /* LaunchScreen.storyboard in Resources */,
				E70B925F2176E34F00B4AE8B /* Assets.xcassets in Resources */,
				E70B925A2176E34E00B4AE8B /* Main.storyboard in Resources */,
			);
			runOnlyForDeploymentPostprocessing = 0;
		};
		E70B92712176E34F00B4AE8B /* Resources */ = {
			isa = PBXResourcesBuildPhase;
			buildActionMask = 2147483647;
			files = (
			);
			runOnlyForDeploymentPostprocessing = 0;
		};
/* End PBXResourcesBuildPhase section */

/* Begin PBXShellScriptBuildPhase section */
		44667C2C874C210FE6B20B66 /* [CP] Embed Pods Frameworks */ = {
			isa = PBXShellScriptBuildPhase;
			buildActionMask = 2147483647;
			files = (
			);
			inputFileListPaths = (
			);
			inputPaths = (
				"${SRCROOT}/Pods/Target Support Files/Pods-GuardianAngelApp/Pods-GuardianAngelApp-frameworks.sh",
				"${BUILT_PRODUCTS_DIR}/WhatsNewKit/WhatsNewKit.framework",
			);
			name = "[CP] Embed Pods Frameworks";
			outputFileListPaths = (
			);
			outputPaths = (
				"${TARGET_BUILD_DIR}/${FRAMEWORKS_FOLDER_PATH}/WhatsNewKit.framework",
			);
			runOnlyForDeploymentPostprocessing = 0;
			shellPath = /bin/sh;
			shellScript = "\"${SRCROOT}/Pods/Target Support Files/Pods-GuardianAngelApp/Pods-GuardianAngelApp-frameworks.sh\"\n";
			showEnvVarsInLog = 0;
		};
		4C0A8117E4A27DC3F0133F3D /* [CP] Check Pods Manifest.lock */ = {
			isa = PBXShellScriptBuildPhase;
			buildActionMask = 2147483647;
			files = (
			);
			inputFileListPaths = (
			);
			inputPaths = (
				"${PODS_PODFILE_DIR_PATH}/Podfile.lock",
				"${PODS_ROOT}/Manifest.lock",
			);
			name = "[CP] Check Pods Manifest.lock";
			outputFileListPaths = (
			);
			outputPaths = (
				"$(DERIVED_FILE_DIR)/Pods-GuardianAngelApp-checkManifestLockResult.txt",
			);
			runOnlyForDeploymentPostprocessing = 0;
			shellPath = /bin/sh;
			shellScript = "diff \"${PODS_PODFILE_DIR_PATH}/Podfile.lock\" \"${PODS_ROOT}/Manifest.lock\" > /dev/null\nif [ $? != 0 ] ; then\n    # print error to STDERR\n    echo \"error: The sandbox is not in sync with the Podfile.lock. Run 'pod install' or update your CocoaPods installation.\" >&2\n    exit 1\nfi\n# This output is used by Xcode 'outputs' to avoid re-running this script phase.\necho \"SUCCESS\" > \"${SCRIPT_OUTPUT_FILE_0}\"\n";
			showEnvVarsInLog = 0;
		};
		73633181F9890705FF5758BC /* [CP] Copy Pods Resources */ = {
			isa = PBXShellScriptBuildPhase;
			buildActionMask = 2147483647;
			files = (
			);
			inputFileListPaths = (
			);
			inputPaths = (
			);
			name = "[CP] Copy Pods Resources";
			outputFileListPaths = (
			);
			outputPaths = (
			);
			runOnlyForDeploymentPostprocessing = 0;
			shellPath = /bin/sh;
			shellScript = "\"${SRCROOT}/Pods/Target Support Files/Pods-GuardianAngelApp/Pods-GuardianAngelApp-resources.sh\"\n";
			showEnvVarsInLog = 0;
		};
		B45C7AEC02A28C1909B35A84 /* [CP] Embed Pods Frameworks */ = {
			isa = PBXShellScriptBuildPhase;
			buildActionMask = 2147483647;
			files = (
			);
			inputFileListPaths = (
			);
			inputPaths = (
			);
			name = "[CP] Embed Pods Frameworks";
			outputFileListPaths = (
			);
			outputPaths = (
			);
			runOnlyForDeploymentPostprocessing = 0;
			shellPath = /bin/sh;
			shellScript = "\"${SRCROOT}/Pods/Target Support Files/Pods-GuardianAngelAppUITests/Pods-GuardianAngelAppUITests-frameworks.sh\"\n";
			showEnvVarsInLog = 0;
		};
		C2173D253769C80643050F02 /* [CP] Copy Pods Resources */ = {
			isa = PBXShellScriptBuildPhase;
			buildActionMask = 2147483647;
			files = (
			);
			inputFileListPaths = (
			);
			inputPaths = (
			);
			name = "[CP] Copy Pods Resources";
			outputFileListPaths = (
			);
			outputPaths = (
			);
			runOnlyForDeploymentPostprocessing = 0;
			shellPath = /bin/sh;
			shellScript = "\"${SRCROOT}/Pods/Target Support Files/Pods-GuardianAngelAppUITests/Pods-GuardianAngelAppUITests-resources.sh\"\n";
			showEnvVarsInLog = 0;
		};
		D57F1570D2994965CCFDE505 /* [CP] Check Pods Manifest.lock */ = {
			isa = PBXShellScriptBuildPhase;
			buildActionMask = 2147483647;
			files = (
			);
			inputFileListPaths = (
			);
			inputPaths = (
				"${PODS_PODFILE_DIR_PATH}/Podfile.lock",
				"${PODS_ROOT}/Manifest.lock",
			);
			name = "[CP] Check Pods Manifest.lock";
			outputFileListPaths = (
			);
			outputPaths = (
				"$(DERIVED_FILE_DIR)/Pods-GuardianAngelAppUITests-checkManifestLockResult.txt",
			);
			runOnlyForDeploymentPostprocessing = 0;
			shellPath = /bin/sh;
			shellScript = "diff \"${PODS_PODFILE_DIR_PATH}/Podfile.lock\" \"${PODS_ROOT}/Manifest.lock\" > /dev/null\nif [ $? != 0 ] ; then\n    # print error to STDERR\n    echo \"error: The sandbox is not in sync with the Podfile.lock. Run 'pod install' or update your CocoaPods installation.\" >&2\n    exit 1\nfi\n# This output is used by Xcode 'outputs' to avoid re-running this script phase.\necho \"SUCCESS\" > \"${SCRIPT_OUTPUT_FILE_0}\"\n";
			showEnvVarsInLog = 0;
		};
/* End PBXShellScriptBuildPhase section */

/* Begin PBXSourcesBuildPhase section */
		E70B924D2176E34E00B4AE8B /* Sources */ = {
			isa = PBXSourcesBuildPhase;
			buildActionMask = 2147483647;
			files = (
				E702BC8A2193BB5E002A7BF8 /* TemperatureAdjustViewController.swift in Sources */,
				E753D895217C0B5F00A0A627 /* ImageExtension.swift in Sources */,
				E753D88A217BED1800A0A627 /* BluetoothExtension.swift in Sources */,
				E753D888217BE79A00A0A627 /* NotificationExtension.swift in Sources */,
				E70AB614227DDF57003F71BF /* Utilities.swift in Sources */,
				E70B925D2176E34E00B4AE8B /* GuardianAngelApp.xcdatamodeld in Sources */,
				E753D891217BF6A600A0A627 /* DeviceViewController.swift in Sources */,
				E72EACE522CD905D007246C1 /* GPSViewController.swift in Sources */,
				E70B92552176E34E00B4AE8B /* AppDelegate.swift in Sources */,
				E77AF28E2198B48700E7BC6C /* LocationExtension.swift in Sources */,
				E7801713217A839B00108D31 /* ColorExtension.swift in Sources */,
				E753D88E217BF22300A0A627 /* SettingsViewController.swift in Sources */,
			);
			runOnlyForDeploymentPostprocessing = 0;
		};
		E70B926F2176E34F00B4AE8B /* Sources */ = {
			isa = PBXSourcesBuildPhase;
			buildActionMask = 2147483647;
			files = (
				E70B92782176E34F00B4AE8B /* GuardianAngelAppUITests.swift in Sources */,
				E7C22EF7218417360071FE8E /* SnapshotHelper.swift in Sources */,
			);
			runOnlyForDeploymentPostprocessing = 0;
		};
/* End PBXSourcesBuildPhase section */

/* Begin PBXTargetDependency section */
		E70B92752176E34F00B4AE8B /* PBXTargetDependency */ = {
			isa = PBXTargetDependency;
			target = E70B92502176E34E00B4AE8B /* GuardianAngelApp */;
			targetProxy = E70B92742176E34F00B4AE8B /* PBXContainerItemProxy */;
		};
/* End PBXTargetDependency section */

/* Begin PBXVariantGroup section */
		E70B92582176E34E00B4AE8B /* Main.storyboard */ = {
			isa = PBXVariantGroup;
			children = (
				E70B92592176E34E00B4AE8B /* Base */,
			);
			name = Main.storyboard;
			sourceTree = "<group>";
		};
		E70B92602176E34F00B4AE8B /* LaunchScreen.storyboard */ = {
			isa = PBXVariantGroup;
			children = (
				E70B92612176E34F00B4AE8B /* Base */,
			);
			name = LaunchScreen.storyboard;
			sourceTree = "<group>";
		};
/* End PBXVariantGroup section */

/* Begin XCBuildConfiguration section */
		E70B927A2176E35000B4AE8B /* Debug */ = {
			isa = XCBuildConfiguration;
			buildSettings = {
				ALWAYS_SEARCH_USER_PATHS = NO;
				CLANG_ANALYZER_NONNULL = YES;
				CLANG_ANALYZER_NUMBER_OBJECT_CONVERSION = YES_AGGRESSIVE;
				CLANG_CXX_LANGUAGE_STANDARD = "gnu++14";
				CLANG_CXX_LIBRARY = "libc++";
				CLANG_ENABLE_MODULES = YES;
				CLANG_ENABLE_OBJC_ARC = YES;
				CLANG_ENABLE_OBJC_WEAK = YES;
				CLANG_WARN_BLOCK_CAPTURE_AUTORELEASING = YES;
				CLANG_WARN_BOOL_CONVERSION = YES;
				CLANG_WARN_COMMA = YES;
				CLANG_WARN_CONSTANT_CONVERSION = YES;
				CLANG_WARN_DEPRECATED_OBJC_IMPLEMENTATIONS = YES;
				CLANG_WARN_DIRECT_OBJC_ISA_USAGE = YES_ERROR;
				CLANG_WARN_DOCUMENTATION_COMMENTS = YES;
				CLANG_WARN_EMPTY_BODY = YES;
				CLANG_WARN_ENUM_CONVERSION = YES;
				CLANG_WARN_INFINITE_RECURSION = YES;
				CLANG_WARN_INT_CONVERSION = YES;
				CLANG_WARN_NON_LITERAL_NULL_CONVERSION = YES;
				CLANG_WARN_OBJC_IMPLICIT_RETAIN_SELF = YES;
				CLANG_WARN_OBJC_LITERAL_CONVERSION = YES;
				CLANG_WARN_OBJC_ROOT_CLASS = YES_ERROR;
				CLANG_WARN_RANGE_LOOP_ANALYSIS = YES;
				CLANG_WARN_STRICT_PROTOTYPES = YES;
				CLANG_WARN_SUSPICIOUS_MOVE = YES;
				CLANG_WARN_UNGUARDED_AVAILABILITY = YES_AGGRESSIVE;
				CLANG_WARN_UNREACHABLE_CODE = YES;
				CLANG_WARN__DUPLICATE_METHOD_MATCH = YES;
				CODE_SIGN_IDENTITY = "iPhone Developer";
				COPY_PHASE_STRIP = NO;
				DEBUG_INFORMATION_FORMAT = dwarf;
				ENABLE_STRICT_OBJC_MSGSEND = YES;
				ENABLE_TESTABILITY = YES;
				GCC_C_LANGUAGE_STANDARD = gnu11;
				GCC_DYNAMIC_NO_PIC = NO;
				GCC_NO_COMMON_BLOCKS = YES;
				GCC_OPTIMIZATION_LEVEL = 0;
				GCC_PREPROCESSOR_DEFINITIONS = (
					"DEBUG=1",
					"$(inherited)",
				);
				GCC_WARN_64_TO_32_BIT_CONVERSION = YES;
				GCC_WARN_ABOUT_RETURN_TYPE = YES_ERROR;
				GCC_WARN_UNDECLARED_SELECTOR = YES;
				GCC_WARN_UNINITIALIZED_AUTOS = YES_AGGRESSIVE;
				GCC_WARN_UNUSED_FUNCTION = YES;
				GCC_WARN_UNUSED_VARIABLE = YES;
				IPHONEOS_DEPLOYMENT_TARGET = 12.0;
				MTL_ENABLE_DEBUG_INFO = INCLUDE_SOURCE;
				MTL_FAST_MATH = YES;
				ONLY_ACTIVE_ARCH = YES;
				SDKROOT = iphoneos;
				SWIFT_ACTIVE_COMPILATION_CONDITIONS = DEBUG;
				SWIFT_OPTIMIZATION_LEVEL = "-Onone";
			};
			name = Debug;
		};
		E70B927B2176E35000B4AE8B /* Release */ = {
			isa = XCBuildConfiguration;
			buildSettings = {
				ALWAYS_SEARCH_USER_PATHS = NO;
				CLANG_ANALYZER_NONNULL = YES;
				CLANG_ANALYZER_NUMBER_OBJECT_CONVERSION = YES_AGGRESSIVE;
				CLANG_CXX_LANGUAGE_STANDARD = "gnu++14";
				CLANG_CXX_LIBRARY = "libc++";
				CLANG_ENABLE_MODULES = YES;
				CLANG_ENABLE_OBJC_ARC = YES;
				CLANG_ENABLE_OBJC_WEAK = YES;
				CLANG_WARN_BLOCK_CAPTURE_AUTORELEASING = YES;
				CLANG_WARN_BOOL_CONVERSION = YES;
				CLANG_WARN_COMMA = YES;
				CLANG_WARN_CONSTANT_CONVERSION = YES;
				CLANG_WARN_DEPRECATED_OBJC_IMPLEMENTATIONS = YES;
				CLANG_WARN_DIRECT_OBJC_ISA_USAGE = YES_ERROR;
				CLANG_WARN_DOCUMENTATION_COMMENTS = YES;
				CLANG_WARN_EMPTY_BODY = YES;
				CLANG_WARN_ENUM_CONVERSION = YES;
				CLANG_WARN_INFINITE_RECURSION = YES;
				CLANG_WARN_INT_CONVERSION = YES;
				CLANG_WARN_NON_LITERAL_NULL_CONVERSION = YES;
				CLANG_WARN_OBJC_IMPLICIT_RETAIN_SELF = YES;
				CLANG_WARN_OBJC_LITERAL_CONVERSION = YES;
				CLANG_WARN_OBJC_ROOT_CLASS = YES_ERROR;
				CLANG_WARN_RANGE_LOOP_ANALYSIS = YES;
				CLANG_WARN_STRICT_PROTOTYPES = YES;
				CLANG_WARN_SUSPICIOUS_MOVE = YES;
				CLANG_WARN_UNGUARDED_AVAILABILITY = YES_AGGRESSIVE;
				CLANG_WARN_UNREACHABLE_CODE = YES;
				CLANG_WARN__DUPLICATE_METHOD_MATCH = YES;
				CODE_SIGN_IDENTITY = "iPhone Developer";
				COPY_PHASE_STRIP = NO;
				DEBUG_INFORMATION_FORMAT = "dwarf-with-dsym";
				ENABLE_NS_ASSERTIONS = NO;
				ENABLE_STRICT_OBJC_MSGSEND = YES;
				GCC_C_LANGUAGE_STANDARD = gnu11;
				GCC_NO_COMMON_BLOCKS = YES;
				GCC_WARN_64_TO_32_BIT_CONVERSION = YES;
				GCC_WARN_ABOUT_RETURN_TYPE = YES_ERROR;
				GCC_WARN_UNDECLARED_SELECTOR = YES;
				GCC_WARN_UNINITIALIZED_AUTOS = YES_AGGRESSIVE;
				GCC_WARN_UNUSED_FUNCTION = YES;
				GCC_WARN_UNUSED_VARIABLE = YES;
				IPHONEOS_DEPLOYMENT_TARGET = 12.0;
				MTL_ENABLE_DEBUG_INFO = NO;
				MTL_FAST_MATH = YES;
				SDKROOT = iphoneos;
				SWIFT_COMPILATION_MODE = wholemodule;
				SWIFT_OPTIMIZATION_LEVEL = "-O";
				VALIDATE_PRODUCT = YES;
			};
			name = Release;
		};
		E70B927D2176E35000B4AE8B /* Debug */ = {
			isa = XCBuildConfiguration;
			baseConfigurationReference = D752ED4A0CED40F1FC2BEA7F /* Pods-GuardianAngelApp.debug.xcconfig */;
			buildSettings = {
				ASSETCATALOG_COMPILER_APPICON_NAME = AppIcon;
				ASSETCATALOG_COMPILER_LAUNCHIMAGE_NAME = LaunchImage;
				CODE_SIGN_ENTITLEMENTS = GuardianAngelApp/GuardianAngelApp.entitlements;
				CODE_SIGN_STYLE = Automatic;
				DEVELOPMENT_TEAM = 5673472V33;
				INFOPLIST_FILE = GuardianAngelApp/Info.plist;
				LD_RUNPATH_SEARCH_PATHS = (
					"$(inherited)",
					"@executable_path/Frameworks",
				);
				PRODUCT_BUNDLE_IDENTIFIER = GuradianAngelCushion.GuardianAngelApp;
				PRODUCT_MODULE_NAME = Guardian_Angel;
				PRODUCT_NAME = "Guardian Angel";
				SWIFT_VERSION = 5.0;
				TARGETED_DEVICE_FAMILY = 1;
			};
			name = Debug;
		};
		E70B927E2176E35000B4AE8B /* Release */ = {
			isa = XCBuildConfiguration;
			baseConfigurationReference = 44CD3DA5B0A0BE9F42E7032A /* Pods-GuardianAngelApp.release.xcconfig */;
			buildSettings = {
				ASSETCATALOG_COMPILER_APPICON_NAME = AppIcon;
				ASSETCATALOG_COMPILER_LAUNCHIMAGE_NAME = LaunchImage;
				CODE_SIGN_ENTITLEMENTS = GuardianAngelApp/GuardianAngelApp.entitlements;
				CODE_SIGN_STYLE = Automatic;
				DEVELOPMENT_TEAM = 5673472V33;
				INFOPLIST_FILE = GuardianAngelApp/Info.plist;
				LD_RUNPATH_SEARCH_PATHS = (
					"$(inherited)",
					"@executable_path/Frameworks",
				);
				PRODUCT_BUNDLE_IDENTIFIER = GuradianAngelCushion.GuardianAngelApp;
				PRODUCT_MODULE_NAME = Guardian_Angel;
				PRODUCT_NAME = "Guardian Angel";
				SWIFT_VERSION = 5.0;
				TARGETED_DEVICE_FAMILY = 1;
			};
			name = Release;
		};
		E70B92832176E35000B4AE8B /* Debug */ = {
			isa = XCBuildConfiguration;
			baseConfigurationReference = F639254028761EFA81E9CD15 /* Pods-GuardianAngelAppUITests.debug.xcconfig */;
			buildSettings = {
				ALWAYS_EMBED_SWIFT_STANDARD_LIBRARIES = YES;
				CODE_SIGN_STYLE = Automatic;
				DEVELOPMENT_TEAM = 5673472V33;
				INFOPLIST_FILE = GuardianAngelAppUITests/Info.plist;
				LD_RUNPATH_SEARCH_PATHS = (
					"$(inherited)",
					"@executable_path/Frameworks",
					"@loader_path/Frameworks",
				);
				PRODUCT_BUNDLE_IDENTIFIER = GuradianAngelCushion.GuardianAngelAppUITests;
				PRODUCT_NAME = "$(TARGET_NAME)";
				SWIFT_VERSION = 5.0;
				TARGETED_DEVICE_FAMILY = "1,2";
				TEST_TARGET_NAME = GuardianAngelApp;
			};
			name = Debug;
		};
		E70B92842176E35000B4AE8B /* Release */ = {
			isa = XCBuildConfiguration;
			baseConfigurationReference = 5031335C65594623644A20FC /* Pods-GuardianAngelAppUITests.release.xcconfig */;
			buildSettings = {
				ALWAYS_EMBED_SWIFT_STANDARD_LIBRARIES = YES;
				CODE_SIGN_STYLE = Automatic;
				DEVELOPMENT_TEAM = 5673472V33;
				INFOPLIST_FILE = GuardianAngelAppUITests/Info.plist;
				LD_RUNPATH_SEARCH_PATHS = (
					"$(inherited)",
					"@executable_path/Frameworks",
					"@loader_path/Frameworks",
				);
				PRODUCT_BUNDLE_IDENTIFIER = GuradianAngelCushion.GuardianAngelAppUITests;
				PRODUCT_NAME = "$(TARGET_NAME)";
				SWIFT_VERSION = 5.0;
				TARGETED_DEVICE_FAMILY = "1,2";
				TEST_TARGET_NAME = GuardianAngelApp;
			};
			name = Release;
		};
/* End XCBuildConfiguration section */

/* Begin XCConfigurationList section */
		E70B924C2176E34E00B4AE8B /* Build configuration list for PBXProject "GuardianAngelApp" */ = {
			isa = XCConfigurationList;
			buildConfigurations = (
				E70B927A2176E35000B4AE8B /* Debug */,
				E70B927B2176E35000B4AE8B /* Release */,
			);
			defaultConfigurationIsVisible = 0;
			defaultConfigurationName = Release;
		};
		E70B927C2176E35000B4AE8B /* Build configuration list for PBXNativeTarget "GuardianAngelApp" */ = {
			isa = XCConfigurationList;
			buildConfigurations = (
				E70B927D2176E35000B4AE8B /* Debug */,
				E70B927E2176E35000B4AE8B /* Release */,
			);
			defaultConfigurationIsVisible = 0;
			defaultConfigurationName = Release;
		};
		E70B92822176E35000B4AE8B /* Build configuration list for PBXNativeTarget "GuardianAngelAppUITests" */ = {
			isa = XCConfigurationList;
			buildConfigurations = (
				E70B92832176E35000B4AE8B /* Debug */,
				E70B92842176E35000B4AE8B /* Release */,
			);
			defaultConfigurationIsVisible = 0;
			defaultConfigurationName = Release;
		};
/* End XCConfigurationList section */

/* Begin XCVersionGroup section */
		E70B925B2176E34E00B4AE8B /* GuardianAngelApp.xcdatamodeld */ = {
			isa = XCVersionGroup;
			children = (
				E70B925C2176E34E00B4AE8B /* GuardianAngelApp.xcdatamodel */,
			);
			currentVersion = E70B925C2176E34E00B4AE8B /* GuardianAngelApp.xcdatamodel */;
			path = GuardianAngelApp.xcdatamodeld;
			sourceTree = "<group>";
			versionGroupType = wrapper.xcdatamodel;
		};
/* End XCVersionGroup section */
	};
	rootObject = E70B92492176E34E00B4AE8B /* Project object */;
}
